
Microsoft Visual Studio Solution File, Format Version 12.00
# Visual Studio Version 17
VisualStudioVersion = 17.13.35828.75 d17.13
MinimumVisualStudioVersion = 10.0.40219.1
Project("{FAE04EC0-301F-11D3-BF4B-00C04F79EFBC}") = "WindowsFormsApp1", "WindowsFormsApp1\WindowsFormsApp1.csproj", "{527BE756-3B38-4437-BA4B-05B60E954FFC}"
EndProject
Global
	GlobalSection(SolutionConfigurationPlatforms) = preSolution
		Debug|Any CPU = Debug|Any CPU
		Release|Any CPU = Release|Any CPU
	EndGlobalSection
	GlobalSection(ProjectConfigurationPlatforms) = postSolution
		{527BE756-3B38-4437-BA4B-05B60E954FFC}.Debug|Any CPU.ActiveCfg = Debug|Any CPU
		{527BE756-3B38-4437-BA4B-05B60E954FFC}.Debug|Any CPU.Build.0 = Debug|Any CPU
		{527BE756-3B38-4437-BA4B-05B60E954FFC}.Release|Any CPU.ActiveCfg = Release|Any CPU
		{527BE756-3B38-4437-BA4B-05B60E954FFC}.Release|Any CPU.Build.0 = Release|Any CPU
	EndGlobalSection
	GlobalSection(SolutionProperties) = preSolution
		HideSolutionNode = FALSE
	EndGlobalSection
	GlobalSection(ExtensibilityGlobals) = postSolution
		SolutionGuid = {F4C7BAED-70D1-4EF7-AADC-5D746A73C551}
	EndGlobalSection
EndGlobal
