
Microsoft Visual Studio Solution File, Format Version 12.00
# Visual Studio Version 17
VisualStudioVersion = 17.13.35828.75 d17.13
MinimumVisualStudioVersion = 10.0.40219.1
Project("{FAE04EC0-301F-11D3-BF4B-00C04F79EFBC}") = "WindowsFormsApp1", "WindowsFormsApp1\WindowsFormsApp1.csproj", "{34C9C314-8DCA-4CD0-8188-C705B9297D08}"
EndProject
Global
	GlobalSection(SolutionConfigurationPlatforms) = preSolution
		Debug|Any CPU = Debug|Any CPU
		Release|Any CPU = Release|Any CPU
	EndGlobalSection
	GlobalSection(ProjectConfigurationPlatforms) = postSolution
		{34C9C314-8DCA-4CD0-8188-C705B9297D08}.Debug|Any CPU.ActiveCfg = Debug|Any CPU
		{34C9C314-8DCA-4CD0-8188-C705B9297D08}.Debug|Any CPU.Build.0 = Debug|Any CPU
		{34C9C314-8DCA-4CD0-8188-C705B9297D08}.Release|Any CPU.ActiveCfg = Release|Any CPU
		{34C9C314-8DCA-4CD0-8188-C705B9297D08}.Release|Any CPU.Build.0 = Release|Any CPU
	EndGlobalSection
	GlobalSection(SolutionProperties) = preSolution
		HideSolutionNode = FALSE
	EndGlobalSection
	GlobalSection(ExtensibilityGlobals) = postSolution
		SolutionGuid = {2DB4F32A-074F-4DAA-B5E4-0C0406B9B01F}
	EndGlobalSection
EndGlobal
